
Microsoft Visual Studio Solution File, Format Version 12.00
# Visual Studio Version 17
VisualStudioVersion = 17.12.35707.178
MinimumVisualStudioVersion = 10.0.40219.1
Project("{2150E333-8FDC-42A3-9474-1A3956D46DE8}") = "Lesson_02", "Lesson_02", "{D19B0A89-C899-4533-86FA-8C58DADD8CCF}"
EndProject
Project("{FAE04EC0-301F-11D3-BF4B-00C04F79EFBC}") = "Task_02_02", "Task_02_02\Task_02_02.csproj", "{B89561F3-BBCE-4DCF-91B3-B4915737ADE6}"
EndProject
Project("{FAE04EC0-301F-11D3-BF4B-00C04F79EFBC}") = "Task_02_04", "Task_02_04\Task_02_04.csproj", "{C2EC1947-5D1E-4669-9376-73252C1B21DC}"
EndProject
Project("{2150E333-8FDC-42A3-9474-1A3956D46DE8}") = "Lesson_03", "Lesson_03", "{E83DE271-1FE2-4797-B6DB-F5E2F961928D}"
EndProject
Project("{FAE04EC0-301F-11D3-BF4B-00C04F79EFBC}") = "Task_03_04", "Task_03_04\Task_03_04.csproj", "{204FFE62-C373-420A-A8D6-D8A336AA04AD}"
EndProject
Project("{FAE04EC0-301F-11D3-BF4B-00C04F79EFBC}") = "Task_03_05", "Task_03_05\Task_03_05.csproj", "{0F151B34-24CF-4B0A-9AF8-A32EAEF90B55}"
EndProject
Project("{FAE04EC0-301F-11D3-BF4B-00C04F79EFBC}") = "Task_03_06", "Task_03_06\Task_03_06.csproj", "{E8F3F88A-48DA-4CC9-B939-95FBA975D18F}"
EndProject
Project("{FAE04EC0-301F-11D3-BF4B-00C04F79EFBC}") = "Task_03_07", "Task_03_07\Task_03_07.csproj", "{C387FF7E-34BF-4E77-ADF1-2011DB3A90D8}"
EndProject
Project("{FAE04EC0-301F-11D3-BF4B-00C04F79EFBC}") = "Task_03_08", "Task_03_08\Task_03_08.csproj", "{1673F243-1986-4A7D-9831-CD03A9860CF9}"
EndProject
Project("{FAE04EC0-301F-11D3-BF4B-00C04F79EFBC}") = "Task_03_09", "Task_03_09\Task_03_09.csproj", "{00110B52-3445-49EB-81D2-326C3C8301F2}"
EndProject
Project("{2150E333-8FDC-42A3-9474-1A3956D46DE8}") = "Lesson_04", "Lesson_04", "{A6FDC70A-867B-405C-BC46-3F613E696D68}"
EndProject
Project("{FAE04EC0-301F-11D3-BF4B-00C04F79EFBC}") = "Task_04_05", "Task_04_05\Task_04_05.csproj", "{905E8371-EE4E-40C2-8471-AEF02A15F612}"
EndProject
Project("{FAE04EC0-301F-11D3-BF4B-00C04F79EFBC}") = "Task_04_06", "Task_04_06\Task_04_06.csproj", "{7F3871D3-9BB9-4C23-B53B-2C40BF48678D}"
EndProject
Project("{FAE04EC0-301F-11D3-BF4B-00C04F79EFBC}") = "Task_04_07", "Task_04_07\Task_04_07.csproj", "{B69BFDAD-3762-4D12-BD79-9DD9904CF95A}"
EndProject
Project("{FAE04EC0-301F-11D3-BF4B-00C04F79EFBC}") = "Task_04_08", "Task_04_08\Task_04_08.csproj", "{A071C2C4-3559-4042-A749-4D4255E4FFA1}"
EndProject
Global
	GlobalSection(SolutionConfigurationPlatforms) = preSolution
		Debug|Any CPU = Debug|Any CPU
		Release|Any CPU = Release|Any CPU
	EndGlobalSection
	GlobalSection(ProjectConfigurationPlatforms) = postSolution
		{B89561F3-BBCE-4DCF-91B3-B4915737ADE6}.Debug|Any CPU.ActiveCfg = Debug|Any CPU
		{B89561F3-BBCE-4DCF-91B3-B4915737ADE6}.Debug|Any CPU.Build.0 = Debug|Any CPU
		{B89561F3-BBCE-4DCF-91B3-B4915737ADE6}.Release|Any CPU.ActiveCfg = Release|Any CPU
		{B89561F3-BBCE-4DCF-91B3-B4915737ADE6}.Release|Any CPU.Build.0 = Release|Any CPU
		{C2EC1947-5D1E-4669-9376-73252C1B21DC}.Debug|Any CPU.ActiveCfg = Debug|Any CPU
		{C2EC1947-5D1E-4669-9376-73252C1B21DC}.Debug|Any CPU.Build.0 = Debug|Any CPU
		{C2EC1947-5D1E-4669-9376-73252C1B21DC}.Release|Any CPU.ActiveCfg = Release|Any CPU
		{C2EC1947-5D1E-4669-9376-73252C1B21DC}.Release|Any CPU.Build.0 = Release|Any CPU
		{204FFE62-C373-420A-A8D6-D8A336AA04AD}.Debug|Any CPU.ActiveCfg = Debug|Any CPU
		{204FFE62-C373-420A-A8D6-D8A336AA04AD}.Debug|Any CPU.Build.0 = Debug|Any CPU
		{204FFE62-C373-420A-A8D6-D8A336AA04AD}.Release|Any CPU.ActiveCfg = Release|Any CPU
		{204FFE62-C373-420A-A8D6-D8A336AA04AD}.Release|Any CPU.Build.0 = Release|Any CPU
		{0F151B34-24CF-4B0A-9AF8-A32EAEF90B55}.Debug|Any CPU.ActiveCfg = Debug|Any CPU
		{0F151B34-24CF-4B0A-9AF8-A32EAEF90B55}.Debug|Any CPU.Build.0 = Debug|Any CPU
		{0F151B34-24CF-4B0A-9AF8-A32EAEF90B55}.Release|Any CPU.ActiveCfg = Release|Any CPU
		{0F151B34-24CF-4B0A-9AF8-A32EAEF90B55}.Release|Any CPU.Build.0 = Release|Any CPU
		{E8F3F88A-48DA-4CC9-B939-95FBA975D18F}.Debug|Any CPU.ActiveCfg = Debug|Any CPU
		{E8F3F88A-48DA-4CC9-B939-95FBA975D18F}.Debug|Any CPU.Build.0 = Debug|Any CPU
		{E8F3F88A-48DA-4CC9-B939-95FBA975D18F}.Release|Any CPU.ActiveCfg = Release|Any CPU
		{E8F3F88A-48DA-4CC9-B939-95FBA975D18F}.Release|Any CPU.Build.0 = Release|Any CPU
		{C387FF7E-34BF-4E77-ADF1-2011DB3A90D8}.Debug|Any CPU.ActiveCfg = Debug|Any CPU
		{C387FF7E-34BF-4E77-ADF1-2011DB3A90D8}.Debug|Any CPU.Build.0 = Debug|Any CPU
		{C387FF7E-34BF-4E77-ADF1-2011DB3A90D8}.Release|Any CPU.ActiveCfg = Release|Any CPU
		{C387FF7E-34BF-4E77-ADF1-2011DB3A90D8}.Release|Any CPU.Build.0 = Release|Any CPU
		{1673F243-1986-4A7D-9831-CD03A9860CF9}.Debug|Any CPU.ActiveCfg = Debug|Any CPU
		{1673F243-1986-4A7D-9831-CD03A9860CF9}.Debug|Any CPU.Build.0 = Debug|Any CPU
		{1673F243-1986-4A7D-9831-CD03A9860CF9}.Release|Any CPU.ActiveCfg = Release|Any CPU
		{1673F243-1986-4A7D-9831-CD03A9860CF9}.Release|Any CPU.Build.0 = Release|Any CPU
		{00110B52-3445-49EB-81D2-326C3C8301F2}.Debug|Any CPU.ActiveCfg = Debug|Any CPU
		{00110B52-3445-49EB-81D2-326C3C8301F2}.Debug|Any CPU.Build.0 = Debug|Any CPU
		{00110B52-3445-49EB-81D2-326C3C8301F2}.Release|Any CPU.ActiveCfg = Release|Any CPU
		{00110B52-3445-49EB-81D2-326C3C8301F2}.Release|Any CPU.Build.0 = Release|Any CPU
		{905E8371-EE4E-40C2-8471-AEF02A15F612}.Debug|Any CPU.ActiveCfg = Debug|Any CPU
		{905E8371-EE4E-40C2-8471-AEF02A15F612}.Debug|Any CPU.Build.0 = Debug|Any CPU
		{905E8371-EE4E-40C2-8471-AEF02A15F612}.Release|Any CPU.ActiveCfg = Release|Any CPU
		{905E8371-EE4E-40C2-8471-AEF02A15F612}.Release|Any CPU.Build.0 = Release|Any CPU
		{7F3871D3-9BB9-4C23-B53B-2C40BF48678D}.Debug|Any CPU.ActiveCfg = Debug|Any CPU
		{7F3871D3-9BB9-4C23-B53B-2C40BF48678D}.Debug|Any CPU.Build.0 = Debug|Any CPU
		{7F3871D3-9BB9-4C23-B53B-2C40BF48678D}.Release|Any CPU.ActiveCfg = Release|Any CPU
		{7F3871D3-9BB9-4C23-B53B-2C40BF48678D}.Release|Any CPU.Build.0 = Release|Any CPU
		{B69BFDAD-3762-4D12-BD79-9DD9904CF95A}.Debug|Any CPU.ActiveCfg = Debug|Any CPU
		{B69BFDAD-3762-4D12-BD79-9DD9904CF95A}.Debug|Any CPU.Build.0 = Debug|Any CPU
		{B69BFDAD-3762-4D12-BD79-9DD9904CF95A}.Release|Any CPU.ActiveCfg = Release|Any CPU
		{B69BFDAD-3762-4D12-BD79-9DD9904CF95A}.Release|Any CPU.Build.0 = Release|Any CPU
		{A071C2C4-3559-4042-A749-4D4255E4FFA1}.Debug|Any CPU.ActiveCfg = Debug|Any CPU
		{A071C2C4-3559-4042-A749-4D4255E4FFA1}.Debug|Any CPU.Build.0 = Debug|Any CPU
		{A071C2C4-3559-4042-A749-4D4255E4FFA1}.Release|Any CPU.ActiveCfg = Release|Any CPU
		{A071C2C4-3559-4042-A749-4D4255E4FFA1}.Release|Any CPU.Build.0 = Release|Any CPU
	EndGlobalSection
	GlobalSection(SolutionProperties) = preSolution
		HideSolutionNode = FALSE
	EndGlobalSection
	GlobalSection(NestedProjects) = preSolution
		{B89561F3-BBCE-4DCF-91B3-B4915737ADE6} = {D19B0A89-C899-4533-86FA-8C58DADD8CCF}
		{C2EC1947-5D1E-4669-9376-73252C1B21DC} = {D19B0A89-C899-4533-86FA-8C58DADD8CCF}
		{204FFE62-C373-420A-A8D6-D8A336AA04AD} = {E83DE271-1FE2-4797-B6DB-F5E2F961928D}
		{0F151B34-24CF-4B0A-9AF8-A32EAEF90B55} = {E83DE271-1FE2-4797-B6DB-F5E2F961928D}
		{E8F3F88A-48DA-4CC9-B939-95FBA975D18F} = {E83DE271-1FE2-4797-B6DB-F5E2F961928D}
		{C387FF7E-34BF-4E77-ADF1-2011DB3A90D8} = {E83DE271-1FE2-4797-B6DB-F5E2F961928D}
		{1673F243-1986-4A7D-9831-CD03A9860CF9} = {E83DE271-1FE2-4797-B6DB-F5E2F961928D}
		{00110B52-3445-49EB-81D2-326C3C8301F2} = {E83DE271-1FE2-4797-B6DB-F5E2F961928D}
		{905E8371-EE4E-40C2-8471-AEF02A15F612} = {A6FDC70A-867B-405C-BC46-3F613E696D68}
		{7F3871D3-9BB9-4C23-B53B-2C40BF48678D} = {A6FDC70A-867B-405C-BC46-3F613E696D68}
		{B69BFDAD-3762-4D12-BD79-9DD9904CF95A} = {A6FDC70A-867B-405C-BC46-3F613E696D68}
		{A071C2C4-3559-4042-A749-4D4255E4FFA1} = {A6FDC70A-867B-405C-BC46-3F613E696D68}
	EndGlobalSection
EndGlobal
