
Microsoft Visual Studio Solution File, Format Version 12.00
# Visual Studio Version 17
VisualStudioVersion = 17.12.35707.178
MinimumVisualStudioVersion = 10.0.40219.1
Project("{2150E333-8FDC-42A3-9474-1A3956D46DE8}") = "Lesson_02", "Lesson_02", "{D19B0A89-C899-4533-86FA-8C58DADD8CCF}"
EndProject
Project("{FAE04EC0-301F-11D3-BF4B-00C04F79EFBC}") = "Task_02_02", "Task_02_02\Task_02_02.csproj", "{B89561F3-BBCE-4DCF-91B3-B4915737ADE6}"
EndProject
Project("{FAE04EC0-301F-11D3-BF4B-00C04F79EFBC}") = "Task_02_04", "Task_02_04\Task_02_04.csproj", "{C2EC1947-5D1E-4669-9376-73252C1B21DC}"
EndProject
Project("{2150E333-8FDC-42A3-9474-1A3956D46DE8}") = "Lesson_03", "Lesson_03", "{E83DE271-1FE2-4797-B6DB-F5E2F961928D}"
EndProject
Project("{FAE04EC0-301F-11D3-BF4B-00C04F79EFBC}") = "Task_03_04", "Task_03_04\Task_03_04.csproj", "{204FFE62-C373-420A-A8D6-D8A336AA04AD}"
EndProject
Project("{FAE04EC0-301F-11D3-BF4B-00C04F79EFBC}") = "Task_03_05", "Task_03_05\Task_03_05.csproj", "{0F151B34-24CF-4B0A-9AF8-A32EAEF90B55}"
EndProject
Project("{FAE04EC0-301F-11D3-BF4B-00C04F79EFBC}") = "Task_03_06", "Task_03_06\Task_03_06.csproj", "{E8F3F88A-48DA-4CC9-B939-95FBA975D18F}"
EndProject
Project("{FAE04EC0-301F-11D3-BF4B-00C04F79EFBC}") = "Task_03_07", "Task_03_07\Task_03_07.csproj", "{C387FF7E-34BF-4E77-ADF1-2011DB3A90D8}"
EndProject
Project("{FAE04EC0-301F-11D3-BF4B-00C04F79EFBC}") = "Task_03_08", "Task_03_08\Task_03_08.csproj", "{1673F243-1986-4A7D-9831-CD03A9860CF9}"
EndProject
Project("{FAE04EC0-301F-11D3-BF4B-00C04F79EFBC}") = "Task_03_09", "Task_03_09\Task_03_09.csproj", "{00110B52-3445-49EB-81D2-326C3C8301F2}"
EndProject
Project("{2150E333-8FDC-42A3-9474-1A3956D46DE8}") = "Lesson_04", "Lesson_04", "{A6FDC70A-867B-405C-BC46-3F613E696D68}"
EndProject
Project("{FAE04EC0-301F-11D3-BF4B-00C04F79EFBC}") = "Task_04_05", "Task_04_05\Task_04_05.csproj", "{905E8371-EE4E-40C2-8471-AEF02A15F612}"
EndProject
Project("{FAE04EC0-301F-11D3-BF4B-00C04F79EFBC}") = "Task_04_06", "Task_04_06\Task_04_06.csproj", "{7F3871D3-9BB9-4C23-B53B-2C40BF48678D}"
EndProject
Project("{FAE04EC0-301F-11D3-BF4B-00C04F79EFBC}") = "Task_04_07", "Task_04_07\Task_04_07.csproj", "{B69BFDAD-3762-4D12-BD79-9DD9904CF95A}"
EndProject
Project("{FAE04EC0-301F-11D3-BF4B-00C04F79EFBC}") = "Task_04_08", "Task_04_08\Task_04_08.csproj", "{A071C2C4-3559-4042-A749-4D4255E4FFA1}"
EndProject
Project("{FAE04EC0-301F-11D3-BF4B-00C04F79EFBC}") = "Task_04_09", "Task_04_09\Task_04_09.csproj", "{CE4FC618-82FB-4DC1-9983-2EA0FD7329DE}"
EndProject
Project("{FAE04EC0-301F-11D3-BF4B-00C04F79EFBC}") = "Task_04_10", "Task_04_10\Task_04_10.csproj", "{B5751C04-BBE9-4270-A60A-A842C6569DF6}"
EndProject
Project("{2150E333-8FDC-42A3-9474-1A3956D46DE8}") = "Lesson_05", "Lesson_05", "{EA320E2C-0C1C-4737-9F09-F8C2058D16FE}"
EndProject
Project("{FAE04EC0-301F-11D3-BF4B-00C04F79EFBC}") = "Task_05_03", "Task_05_03\Task_05_03.csproj", "{F34A0D63-20E6-489C-916A-30D57FD67CB9}"
EndProject
Project("{FAE04EC0-301F-11D3-BF4B-00C04F79EFBC}") = "Task_05_04", "Task_05_04\Task_05_04.csproj", "{AD97B7E5-CD08-4207-8B7D-7E8C99207CB5}"
EndProject
Project("{FAE04EC0-301F-11D3-BF4B-00C04F79EFBC}") = "Task_05_05", "Task_05_05\Task_05_05.csproj", "{95C59EA8-C3EE-405A-B4E1-789B24F141DD}"
EndProject
Project("{FAE04EC0-301F-11D3-BF4B-00C04F79EFBC}") = "Task_05_06", "Task_05_06\Task_05_06.csproj", "{8B069FE9-FDCD-415F-8D41-0CFD2DF5FA48}"
EndProject
Project("{FAE04EC0-301F-11D3-BF4B-00C04F79EFBC}") = "Task_05_07", "Task_05_07\Task_05_07.csproj", "{6DD8B1A9-78A6-411D-AE48-025BE9F1F239}"
EndProject
Project("{FAE04EC0-301F-11D3-BF4B-00C04F79EFBC}") = "Task_05_08", "Task_05_08\Task_05_08.csproj", "{54BBA5AD-508B-4436-821D-FABF77575449}"
EndProject
Project("{FAE04EC0-301F-11D3-BF4B-00C04F79EFBC}") = "Task_05_09", "Task_05_09\Task_05_09.csproj", "{CAD30F08-34EC-4A85-AC1E-8A0A50A0BDEB}"
EndProject
Project("{2150E333-8FDC-42A3-9474-1A3956D46DE8}") = "Lesson_10", "Lesson_10", "{70F0098B-4C30-4EE2-979F-AF093BFDA017}"
EndProject
Project("{FAE04EC0-301F-11D3-BF4B-00C04F79EFBC}") = "Task_10_06", "Task_06_10\Task_10_06.csproj", "{442701CB-2D0B-4786-86C0-07E3C50233E9}"
EndProject
Project("{FAE04EC0-301F-11D3-BF4B-00C04F79EFBC}") = "Task_10_07", "Task_10_07\Task_10_07.csproj", "{9B019A47-ACAF-47AE-8E37-0DBE8F4AE4E1}"
EndProject
Project("{FAE04EC0-301F-11D3-BF4B-00C04F79EFBC}") = "Task_10_08", "Task_10_08\Task_10_08.csproj", "{5402174A-E8B2-48DD-AC35-71DEB334CE3F}"
EndProject
Project("{2150E333-8FDC-42A3-9474-1A3956D46DE8}") = "Lesson_13", "Lesson_13", "{9073D00F-2527-485C-B273-299207F958FC}"
EndProject
Project("{FAE04EC0-301F-11D3-BF4B-00C04F79EFBC}") = "Task_13_02", "Task_13_02\Task_13_02.csproj", "{88B6A0A5-E686-4496-BB06-8EEA4BDE8447}"
EndProject
Project("{FAE04EC0-301F-11D3-BF4B-00C04F79EFBC}") = "Task_13_03", "Task_13_03\Task_13_03.csproj", "{64A7AF62-92FF-4762-B2F8-473427F914D8}"
EndProject
Project("{2150E333-8FDC-42A3-9474-1A3956D46DE8}") = "Lesson_14", "Lesson_14", "{2D1038CE-50CC-46E1-B521-B67FCF723230}"
EndProject
Project("{FAE04EC0-301F-11D3-BF4B-00C04F79EFBC}") = "Task_14_03", "Task_14_03\Task_14_03.csproj", "{D6602525-1488-44B4-B7A6-70123025FB29}"
EndProject
Project("{2150E333-8FDC-42A3-9474-1A3956D46DE8}") = "Lesson_20", "Lesson_20", "{EF419A36-54D8-4E8A-9D0F-40A571C63313}"
EndProject
Project("{FAE04EC0-301F-11D3-BF4B-00C04F79EFBC}") = "Task_20_03", "Task_20_03\Task_20_03.csproj", "{9D98D57A-87BF-4927-8BB9-FA2A34DFC241}"
EndProject
Project("{FAE04EC0-301F-11D3-BF4B-00C04F79EFBC}") = "Task_20_04", "Task_20_04\Task_20_04.csproj", "{C1061C52-D67E-4A77-B429-2C3EFFE168FE}"
EndProject
Project("{FAE04EC0-301F-11D3-BF4B-00C04F79EFBC}") = "Task_20_05", "Task_20_05\Task_20_05.csproj", "{E0F68A98-77B9-4D9D-98C0-BEF43317C5CC}"
EndProject
Project("{FAE04EC0-301F-11D3-BF4B-00C04F79EFBC}") = "Task_20_06", "Task_20_06\Task_20_06.csproj", "{74EF7EEA-8624-4CCD-9644-B09D5B16F901}"
EndProject
Project("{2150E333-8FDC-42A3-9474-1A3956D46DE8}") = "Lesson_21", "Lesson_21", "{CC417E66-D57E-4801-B357-FCDA07439BA8}"
EndProject
Project("{FAE04EC0-301F-11D3-BF4B-00C04F79EFBC}") = "Task_21_01", "Task_21_01\Task_21_01.csproj", "{AE08A4BB-4F2E-4E2D-9751-F850E97E2D9D}"
EndProject
Project("{FAE04EC0-301F-11D3-BF4B-00C04F79EFBC}") = "Task_21_02", "Task_21_02\Task_21_02.csproj", "{C5C000BF-DE5D-4D0C-89E2-0C40C3E95FF3}"
EndProject
Project("{2150E333-8FDC-42A3-9474-1A3956D46DE8}") = "Practice_03", "Practice_03", "{123969D2-5CE6-4AE1-A5AF-941EBF892727}"
EndProject
Project("{FAE04EC0-301F-11D3-BF4B-00C04F79EFBC}") = "Practice_03", "Practice_03\Practice_03.csproj", "{555ED0CD-C8C7-4470-8A26-E166854FEF06}"
EndProject
Global
	GlobalSection(SolutionConfigurationPlatforms) = preSolution
		Debug|Any CPU = Debug|Any CPU
		Release|Any CPU = Release|Any CPU
	EndGlobalSection
	GlobalSection(ProjectConfigurationPlatforms) = postSolution
		{B89561F3-BBCE-4DCF-91B3-B4915737ADE6}.Debug|Any CPU.ActiveCfg = Debug|Any CPU
		{B89561F3-BBCE-4DCF-91B3-B4915737ADE6}.Debug|Any CPU.Build.0 = Debug|Any CPU
		{B89561F3-BBCE-4DCF-91B3-B4915737ADE6}.Release|Any CPU.ActiveCfg = Release|Any CPU
		{B89561F3-BBCE-4DCF-91B3-B4915737ADE6}.Release|Any CPU.Build.0 = Release|Any CPU
		{C2EC1947-5D1E-4669-9376-73252C1B21DC}.Debug|Any CPU.ActiveCfg = Debug|Any CPU
		{C2EC1947-5D1E-4669-9376-73252C1B21DC}.Debug|Any CPU.Build.0 = Debug|Any CPU
		{C2EC1947-5D1E-4669-9376-73252C1B21DC}.Release|Any CPU.ActiveCfg = Release|Any CPU
		{C2EC1947-5D1E-4669-9376-73252C1B21DC}.Release|Any CPU.Build.0 = Release|Any CPU
		{204FFE62-C373-420A-A8D6-D8A336AA04AD}.Debug|Any CPU.ActiveCfg = Debug|Any CPU
		{204FFE62-C373-420A-A8D6-D8A336AA04AD}.Debug|Any CPU.Build.0 = Debug|Any CPU
		{204FFE62-C373-420A-A8D6-D8A336AA04AD}.Release|Any CPU.ActiveCfg = Release|Any CPU
		{204FFE62-C373-420A-A8D6-D8A336AA04AD}.Release|Any CPU.Build.0 = Release|Any CPU
		{0F151B34-24CF-4B0A-9AF8-A32EAEF90B55}.Debug|Any CPU.ActiveCfg = Debug|Any CPU
		{0F151B34-24CF-4B0A-9AF8-A32EAEF90B55}.Debug|Any CPU.Build.0 = Debug|Any CPU
		{0F151B34-24CF-4B0A-9AF8-A32EAEF90B55}.Release|Any CPU.ActiveCfg = Release|Any CPU
		{0F151B34-24CF-4B0A-9AF8-A32EAEF90B55}.Release|Any CPU.Build.0 = Release|Any CPU
		{E8F3F88A-48DA-4CC9-B939-95FBA975D18F}.Debug|Any CPU.ActiveCfg = Debug|Any CPU
		{E8F3F88A-48DA-4CC9-B939-95FBA975D18F}.Debug|Any CPU.Build.0 = Debug|Any CPU
		{E8F3F88A-48DA-4CC9-B939-95FBA975D18F}.Release|Any CPU.ActiveCfg = Release|Any CPU
		{E8F3F88A-48DA-4CC9-B939-95FBA975D18F}.Release|Any CPU.Build.0 = Release|Any CPU
		{C387FF7E-34BF-4E77-ADF1-2011DB3A90D8}.Debug|Any CPU.ActiveCfg = Debug|Any CPU
		{C387FF7E-34BF-4E77-ADF1-2011DB3A90D8}.Debug|Any CPU.Build.0 = Debug|Any CPU
		{C387FF7E-34BF-4E77-ADF1-2011DB3A90D8}.Release|Any CPU.ActiveCfg = Release|Any CPU
		{C387FF7E-34BF-4E77-ADF1-2011DB3A90D8}.Release|Any CPU.Build.0 = Release|Any CPU
		{1673F243-1986-4A7D-9831-CD03A9860CF9}.Debug|Any CPU.ActiveCfg = Debug|Any CPU
		{1673F243-1986-4A7D-9831-CD03A9860CF9}.Debug|Any CPU.Build.0 = Debug|Any CPU
		{1673F243-1986-4A7D-9831-CD03A9860CF9}.Release|Any CPU.ActiveCfg = Release|Any CPU
		{1673F243-1986-4A7D-9831-CD03A9860CF9}.Release|Any CPU.Build.0 = Release|Any CPU
		{00110B52-3445-49EB-81D2-326C3C8301F2}.Debug|Any CPU.ActiveCfg = Debug|Any CPU
		{00110B52-3445-49EB-81D2-326C3C8301F2}.Debug|Any CPU.Build.0 = Debug|Any CPU
		{00110B52-3445-49EB-81D2-326C3C8301F2}.Release|Any CPU.ActiveCfg = Release|Any CPU
		{00110B52-3445-49EB-81D2-326C3C8301F2}.Release|Any CPU.Build.0 = Release|Any CPU
		{905E8371-EE4E-40C2-8471-AEF02A15F612}.Debug|Any CPU.ActiveCfg = Debug|Any CPU
		{905E8371-EE4E-40C2-8471-AEF02A15F612}.Debug|Any CPU.Build.0 = Debug|Any CPU
		{905E8371-EE4E-40C2-8471-AEF02A15F612}.Release|Any CPU.ActiveCfg = Release|Any CPU
		{905E8371-EE4E-40C2-8471-AEF02A15F612}.Release|Any CPU.Build.0 = Release|Any CPU
		{7F3871D3-9BB9-4C23-B53B-2C40BF48678D}.Debug|Any CPU.ActiveCfg = Debug|Any CPU
		{7F3871D3-9BB9-4C23-B53B-2C40BF48678D}.Debug|Any CPU.Build.0 = Debug|Any CPU
		{7F3871D3-9BB9-4C23-B53B-2C40BF48678D}.Release|Any CPU.ActiveCfg = Release|Any CPU
		{7F3871D3-9BB9-4C23-B53B-2C40BF48678D}.Release|Any CPU.Build.0 = Release|Any CPU
		{B69BFDAD-3762-4D12-BD79-9DD9904CF95A}.Debug|Any CPU.ActiveCfg = Debug|Any CPU
		{B69BFDAD-3762-4D12-BD79-9DD9904CF95A}.Debug|Any CPU.Build.0 = Debug|Any CPU
		{B69BFDAD-3762-4D12-BD79-9DD9904CF95A}.Release|Any CPU.ActiveCfg = Release|Any CPU
		{B69BFDAD-3762-4D12-BD79-9DD9904CF95A}.Release|Any CPU.Build.0 = Release|Any CPU
		{A071C2C4-3559-4042-A749-4D4255E4FFA1}.Debug|Any CPU.ActiveCfg = Debug|Any CPU
		{A071C2C4-3559-4042-A749-4D4255E4FFA1}.Debug|Any CPU.Build.0 = Debug|Any CPU
		{A071C2C4-3559-4042-A749-4D4255E4FFA1}.Release|Any CPU.ActiveCfg = Release|Any CPU
		{A071C2C4-3559-4042-A749-4D4255E4FFA1}.Release|Any CPU.Build.0 = Release|Any CPU
		{CE4FC618-82FB-4DC1-9983-2EA0FD7329DE}.Debug|Any CPU.ActiveCfg = Debug|Any CPU
		{CE4FC618-82FB-4DC1-9983-2EA0FD7329DE}.Debug|Any CPU.Build.0 = Debug|Any CPU
		{CE4FC618-82FB-4DC1-9983-2EA0FD7329DE}.Release|Any CPU.ActiveCfg = Release|Any CPU
		{CE4FC618-82FB-4DC1-9983-2EA0FD7329DE}.Release|Any CPU.Build.0 = Release|Any CPU
		{B5751C04-BBE9-4270-A60A-A842C6569DF6}.Debug|Any CPU.ActiveCfg = Debug|Any CPU
		{B5751C04-BBE9-4270-A60A-A842C6569DF6}.Debug|Any CPU.Build.0 = Debug|Any CPU
		{B5751C04-BBE9-4270-A60A-A842C6569DF6}.Release|Any CPU.ActiveCfg = Release|Any CPU
		{B5751C04-BBE9-4270-A60A-A842C6569DF6}.Release|Any CPU.Build.0 = Release|Any CPU
		{F34A0D63-20E6-489C-916A-30D57FD67CB9}.Debug|Any CPU.ActiveCfg = Debug|Any CPU
		{F34A0D63-20E6-489C-916A-30D57FD67CB9}.Debug|Any CPU.Build.0 = Debug|Any CPU
		{F34A0D63-20E6-489C-916A-30D57FD67CB9}.Release|Any CPU.ActiveCfg = Release|Any CPU
		{F34A0D63-20E6-489C-916A-30D57FD67CB9}.Release|Any CPU.Build.0 = Release|Any CPU
		{AD97B7E5-CD08-4207-8B7D-7E8C99207CB5}.Debug|Any CPU.ActiveCfg = Debug|Any CPU
		{AD97B7E5-CD08-4207-8B7D-7E8C99207CB5}.Debug|Any CPU.Build.0 = Debug|Any CPU
		{AD97B7E5-CD08-4207-8B7D-7E8C99207CB5}.Release|Any CPU.ActiveCfg = Release|Any CPU
		{AD97B7E5-CD08-4207-8B7D-7E8C99207CB5}.Release|Any CPU.Build.0 = Release|Any CPU
		{95C59EA8-C3EE-405A-B4E1-789B24F141DD}.Debug|Any CPU.ActiveCfg = Debug|Any CPU
		{95C59EA8-C3EE-405A-B4E1-789B24F141DD}.Debug|Any CPU.Build.0 = Debug|Any CPU
		{95C59EA8-C3EE-405A-B4E1-789B24F141DD}.Release|Any CPU.ActiveCfg = Release|Any CPU
		{95C59EA8-C3EE-405A-B4E1-789B24F141DD}.Release|Any CPU.Build.0 = Release|Any CPU
		{8B069FE9-FDCD-415F-8D41-0CFD2DF5FA48}.Debug|Any CPU.ActiveCfg = Debug|Any CPU
		{8B069FE9-FDCD-415F-8D41-0CFD2DF5FA48}.Debug|Any CPU.Build.0 = Debug|Any CPU
		{8B069FE9-FDCD-415F-8D41-0CFD2DF5FA48}.Release|Any CPU.ActiveCfg = Release|Any CPU
		{8B069FE9-FDCD-415F-8D41-0CFD2DF5FA48}.Release|Any CPU.Build.0 = Release|Any CPU
		{6DD8B1A9-78A6-411D-AE48-025BE9F1F239}.Debug|Any CPU.ActiveCfg = Debug|Any CPU
		{6DD8B1A9-78A6-411D-AE48-025BE9F1F239}.Debug|Any CPU.Build.0 = Debug|Any CPU
		{6DD8B1A9-78A6-411D-AE48-025BE9F1F239}.Release|Any CPU.ActiveCfg = Release|Any CPU
		{6DD8B1A9-78A6-411D-AE48-025BE9F1F239}.Release|Any CPU.Build.0 = Release|Any CPU
		{54BBA5AD-508B-4436-821D-FABF77575449}.Debug|Any CPU.ActiveCfg = Debug|Any CPU
		{54BBA5AD-508B-4436-821D-FABF77575449}.Debug|Any CPU.Build.0 = Debug|Any CPU
		{54BBA5AD-508B-4436-821D-FABF77575449}.Release|Any CPU.ActiveCfg = Release|Any CPU
		{54BBA5AD-508B-4436-821D-FABF77575449}.Release|Any CPU.Build.0 = Release|Any CPU
		{CAD30F08-34EC-4A85-AC1E-8A0A50A0BDEB}.Debug|Any CPU.ActiveCfg = Debug|Any CPU
		{CAD30F08-34EC-4A85-AC1E-8A0A50A0BDEB}.Debug|Any CPU.Build.0 = Debug|Any CPU
		{CAD30F08-34EC-4A85-AC1E-8A0A50A0BDEB}.Release|Any CPU.ActiveCfg = Release|Any CPU
		{CAD30F08-34EC-4A85-AC1E-8A0A50A0BDEB}.Release|Any CPU.Build.0 = Release|Any CPU
		{442701CB-2D0B-4786-86C0-07E3C50233E9}.Debug|Any CPU.ActiveCfg = Debug|Any CPU
		{442701CB-2D0B-4786-86C0-07E3C50233E9}.Debug|Any CPU.Build.0 = Debug|Any CPU
		{442701CB-2D0B-4786-86C0-07E3C50233E9}.Release|Any CPU.ActiveCfg = Release|Any CPU
		{442701CB-2D0B-4786-86C0-07E3C50233E9}.Release|Any CPU.Build.0 = Release|Any CPU
		{9B019A47-ACAF-47AE-8E37-0DBE8F4AE4E1}.Debug|Any CPU.ActiveCfg = Debug|Any CPU
		{9B019A47-ACAF-47AE-8E37-0DBE8F4AE4E1}.Debug|Any CPU.Build.0 = Debug|Any CPU
		{9B019A47-ACAF-47AE-8E37-0DBE8F4AE4E1}.Release|Any CPU.ActiveCfg = Release|Any CPU
		{9B019A47-ACAF-47AE-8E37-0DBE8F4AE4E1}.Release|Any CPU.Build.0 = Release|Any CPU
		{5402174A-E8B2-48DD-AC35-71DEB334CE3F}.Debug|Any CPU.ActiveCfg = Debug|Any CPU
		{5402174A-E8B2-48DD-AC35-71DEB334CE3F}.Debug|Any CPU.Build.0 = Debug|Any CPU
		{5402174A-E8B2-48DD-AC35-71DEB334CE3F}.Release|Any CPU.ActiveCfg = Release|Any CPU
		{5402174A-E8B2-48DD-AC35-71DEB334CE3F}.Release|Any CPU.Build.0 = Release|Any CPU
		{88B6A0A5-E686-4496-BB06-8EEA4BDE8447}.Debug|Any CPU.ActiveCfg = Debug|Any CPU
		{88B6A0A5-E686-4496-BB06-8EEA4BDE8447}.Debug|Any CPU.Build.0 = Debug|Any CPU
		{88B6A0A5-E686-4496-BB06-8EEA4BDE8447}.Release|Any CPU.ActiveCfg = Release|Any CPU
		{88B6A0A5-E686-4496-BB06-8EEA4BDE8447}.Release|Any CPU.Build.0 = Release|Any CPU
		{64A7AF62-92FF-4762-B2F8-473427F914D8}.Debug|Any CPU.ActiveCfg = Debug|Any CPU
		{64A7AF62-92FF-4762-B2F8-473427F914D8}.Debug|Any CPU.Build.0 = Debug|Any CPU
		{64A7AF62-92FF-4762-B2F8-473427F914D8}.Release|Any CPU.ActiveCfg = Release|Any CPU
		{64A7AF62-92FF-4762-B2F8-473427F914D8}.Release|Any CPU.Build.0 = Release|Any CPU
		{D6602525-1488-44B4-B7A6-70123025FB29}.Debug|Any CPU.ActiveCfg = Debug|Any CPU
		{D6602525-1488-44B4-B7A6-70123025FB29}.Debug|Any CPU.Build.0 = Debug|Any CPU
		{D6602525-1488-44B4-B7A6-70123025FB29}.Release|Any CPU.ActiveCfg = Release|Any CPU
		{D6602525-1488-44B4-B7A6-70123025FB29}.Release|Any CPU.Build.0 = Release|Any CPU
		{9D98D57A-87BF-4927-8BB9-FA2A34DFC241}.Debug|Any CPU.ActiveCfg = Debug|Any CPU
		{9D98D57A-87BF-4927-8BB9-FA2A34DFC241}.Debug|Any CPU.Build.0 = Debug|Any CPU
		{9D98D57A-87BF-4927-8BB9-FA2A34DFC241}.Release|Any CPU.ActiveCfg = Release|Any CPU
		{9D98D57A-87BF-4927-8BB9-FA2A34DFC241}.Release|Any CPU.Build.0 = Release|Any CPU
		{C1061C52-D67E-4A77-B429-2C3EFFE168FE}.Debug|Any CPU.ActiveCfg = Debug|Any CPU
		{C1061C52-D67E-4A77-B429-2C3EFFE168FE}.Debug|Any CPU.Build.0 = Debug|Any CPU
		{C1061C52-D67E-4A77-B429-2C3EFFE168FE}.Release|Any CPU.ActiveCfg = Release|Any CPU
		{C1061C52-D67E-4A77-B429-2C3EFFE168FE}.Release|Any CPU.Build.0 = Release|Any CPU
		{E0F68A98-77B9-4D9D-98C0-BEF43317C5CC}.Debug|Any CPU.ActiveCfg = Debug|Any CPU
		{E0F68A98-77B9-4D9D-98C0-BEF43317C5CC}.Debug|Any CPU.Build.0 = Debug|Any CPU
		{E0F68A98-77B9-4D9D-98C0-BEF43317C5CC}.Release|Any CPU.ActiveCfg = Release|Any CPU
		{E0F68A98-77B9-4D9D-98C0-BEF43317C5CC}.Release|Any CPU.Build.0 = Release|Any CPU
		{74EF7EEA-8624-4CCD-9644-B09D5B16F901}.Debug|Any CPU.ActiveCfg = Debug|Any CPU
		{74EF7EEA-8624-4CCD-9644-B09D5B16F901}.Debug|Any CPU.Build.0 = Debug|Any CPU
		{74EF7EEA-8624-4CCD-9644-B09D5B16F901}.Release|Any CPU.ActiveCfg = Release|Any CPU
		{74EF7EEA-8624-4CCD-9644-B09D5B16F901}.Release|Any CPU.Build.0 = Release|Any CPU
		{AE08A4BB-4F2E-4E2D-9751-F850E97E2D9D}.Debug|Any CPU.ActiveCfg = Debug|Any CPU
		{AE08A4BB-4F2E-4E2D-9751-F850E97E2D9D}.Debug|Any CPU.Build.0 = Debug|Any CPU
		{AE08A4BB-4F2E-4E2D-9751-F850E97E2D9D}.Release|Any CPU.ActiveCfg = Release|Any CPU
		{AE08A4BB-4F2E-4E2D-9751-F850E97E2D9D}.Release|Any CPU.Build.0 = Release|Any CPU
		{C5C000BF-DE5D-4D0C-89E2-0C40C3E95FF3}.Debug|Any CPU.ActiveCfg = Debug|Any CPU
		{C5C000BF-DE5D-4D0C-89E2-0C40C3E95FF3}.Debug|Any CPU.Build.0 = Debug|Any CPU
		{C5C000BF-DE5D-4D0C-89E2-0C40C3E95FF3}.Release|Any CPU.ActiveCfg = Release|Any CPU
		{C5C000BF-DE5D-4D0C-89E2-0C40C3E95FF3}.Release|Any CPU.Build.0 = Release|Any CPU
		{555ED0CD-C8C7-4470-8A26-E166854FEF06}.Debug|Any CPU.ActiveCfg = Debug|Any CPU
		{555ED0CD-C8C7-4470-8A26-E166854FEF06}.Debug|Any CPU.Build.0 = Debug|Any CPU
		{555ED0CD-C8C7-4470-8A26-E166854FEF06}.Release|Any CPU.ActiveCfg = Release|Any CPU
		{555ED0CD-C8C7-4470-8A26-E166854FEF06}.Release|Any CPU.Build.0 = Release|Any CPU
	EndGlobalSection
	GlobalSection(SolutionProperties) = preSolution
		HideSolutionNode = FALSE
	EndGlobalSection
	GlobalSection(NestedProjects) = preSolution
		{B89561F3-BBCE-4DCF-91B3-B4915737ADE6} = {D19B0A89-C899-4533-86FA-8C58DADD8CCF}
		{C2EC1947-5D1E-4669-9376-73252C1B21DC} = {D19B0A89-C899-4533-86FA-8C58DADD8CCF}
		{204FFE62-C373-420A-A8D6-D8A336AA04AD} = {E83DE271-1FE2-4797-B6DB-F5E2F961928D}
		{0F151B34-24CF-4B0A-9AF8-A32EAEF90B55} = {E83DE271-1FE2-4797-B6DB-F5E2F961928D}
		{E8F3F88A-48DA-4CC9-B939-95FBA975D18F} = {E83DE271-1FE2-4797-B6DB-F5E2F961928D}
		{C387FF7E-34BF-4E77-ADF1-2011DB3A90D8} = {E83DE271-1FE2-4797-B6DB-F5E2F961928D}
		{1673F243-1986-4A7D-9831-CD03A9860CF9} = {E83DE271-1FE2-4797-B6DB-F5E2F961928D}
		{00110B52-3445-49EB-81D2-326C3C8301F2} = {E83DE271-1FE2-4797-B6DB-F5E2F961928D}
		{905E8371-EE4E-40C2-8471-AEF02A15F612} = {A6FDC70A-867B-405C-BC46-3F613E696D68}
		{7F3871D3-9BB9-4C23-B53B-2C40BF48678D} = {A6FDC70A-867B-405C-BC46-3F613E696D68}
		{B69BFDAD-3762-4D12-BD79-9DD9904CF95A} = {A6FDC70A-867B-405C-BC46-3F613E696D68}
		{A071C2C4-3559-4042-A749-4D4255E4FFA1} = {A6FDC70A-867B-405C-BC46-3F613E696D68}
		{CE4FC618-82FB-4DC1-9983-2EA0FD7329DE} = {A6FDC70A-867B-405C-BC46-3F613E696D68}
		{B5751C04-BBE9-4270-A60A-A842C6569DF6} = {A6FDC70A-867B-405C-BC46-3F613E696D68}
		{F34A0D63-20E6-489C-916A-30D57FD67CB9} = {EA320E2C-0C1C-4737-9F09-F8C2058D16FE}
		{AD97B7E5-CD08-4207-8B7D-7E8C99207CB5} = {EA320E2C-0C1C-4737-9F09-F8C2058D16FE}
		{95C59EA8-C3EE-405A-B4E1-789B24F141DD} = {EA320E2C-0C1C-4737-9F09-F8C2058D16FE}
		{8B069FE9-FDCD-415F-8D41-0CFD2DF5FA48} = {EA320E2C-0C1C-4737-9F09-F8C2058D16FE}
		{6DD8B1A9-78A6-411D-AE48-025BE9F1F239} = {EA320E2C-0C1C-4737-9F09-F8C2058D16FE}
		{54BBA5AD-508B-4436-821D-FABF77575449} = {EA320E2C-0C1C-4737-9F09-F8C2058D16FE}
		{CAD30F08-34EC-4A85-AC1E-8A0A50A0BDEB} = {EA320E2C-0C1C-4737-9F09-F8C2058D16FE}
		{442701CB-2D0B-4786-86C0-07E3C50233E9} = {70F0098B-4C30-4EE2-979F-AF093BFDA017}
		{9B019A47-ACAF-47AE-8E37-0DBE8F4AE4E1} = {70F0098B-4C30-4EE2-979F-AF093BFDA017}
		{5402174A-E8B2-48DD-AC35-71DEB334CE3F} = {70F0098B-4C30-4EE2-979F-AF093BFDA017}
		{88B6A0A5-E686-4496-BB06-8EEA4BDE8447} = {9073D00F-2527-485C-B273-299207F958FC}
		{64A7AF62-92FF-4762-B2F8-473427F914D8} = {9073D00F-2527-485C-B273-299207F958FC}
		{D6602525-1488-44B4-B7A6-70123025FB29} = {2D1038CE-50CC-46E1-B521-B67FCF723230}
		{9D98D57A-87BF-4927-8BB9-FA2A34DFC241} = {EF419A36-54D8-4E8A-9D0F-40A571C63313}
		{C1061C52-D67E-4A77-B429-2C3EFFE168FE} = {EF419A36-54D8-4E8A-9D0F-40A571C63313}
		{E0F68A98-77B9-4D9D-98C0-BEF43317C5CC} = {EF419A36-54D8-4E8A-9D0F-40A571C63313}
		{74EF7EEA-8624-4CCD-9644-B09D5B16F901} = {EF419A36-54D8-4E8A-9D0F-40A571C63313}
		{AE08A4BB-4F2E-4E2D-9751-F850E97E2D9D} = {CC417E66-D57E-4801-B357-FCDA07439BA8}
		{C5C000BF-DE5D-4D0C-89E2-0C40C3E95FF3} = {CC417E66-D57E-4801-B357-FCDA07439BA8}
		{555ED0CD-C8C7-4470-8A26-E166854FEF06} = {123969D2-5CE6-4AE1-A5AF-941EBF892727}
	EndGlobalSection
EndGlobal
